# THIS IS AN AUTOGENERATED FILE. DO NOT EDIT THIS FILE DIRECTLY.
# yarn lockfile v1


diggerize@^1.0.3:
  version "1.0.3"
  resolved "https://registry.yarnpkg.com/diggerize/-/diggerize-1.0.3.tgz#1c08fb9f461c2ed1af9416c83142539f041350a3"
  integrity sha512-sqZM36ZDSizaGTkjs+CZjjPlccDaz+Khozw/9+fnYJ2oS2n6is2JPoycofSnWTi0JDKEKVI86IKsMxwWzbrG1Q==
