# THIS IS AN AUTOGENERATED FILE. DO NOT EDIT THIS FILE DIRECTLY.
# yarn lockfile v1


diggerize@^1.0.3:
  version "1.0.4"
  resolved "https://registry.yarnpkg.com/diggerize/-/diggerize-1.0.4.tgz#21a7d1bc215999376eb86a024276236059fcf2bd"
  integrity sha512-vC545+jn4Z55AswKUzpAPcDbkuu1S97MlOjBVoNkVUjwj1fnNdNi75XeOKLIaMLpT3uygCCmh5w8xDlAEboPwg==
